
Microsoft Visual Studio Solution File, Format Version 12.00
# Visual Studio Version 17
VisualStudioVersion = 17.3.32929.385
MinimumVisualStudioVersion = 10.0.40219.1
Project("{FAE04EC0-301F-11D3-BF4B-00C04F79EFBC}") = "WpfApp1", "WpfApp1\WpfApp1.csproj", "{11A3DB61-7632-4B3B-BBF6-5460530C14FD}"
EndProject
Global
	GlobalSection(SolutionConfigurationPlatforms) = preSolution
		Debug|Any CPU = Debug|Any CPU
		Release|Any CPU = Release|Any CPU
	EndGlobalSection
	GlobalSection(ProjectConfigurationPlatforms) = postSolution
		{11A3DB61-7632-4B3B-BBF6-5460530C14FD}.Debug|Any CPU.ActiveCfg = Debug|Any CPU
		{11A3DB61-7632-4B3B-BBF6-5460530C14FD}.Debug|Any CPU.Build.0 = Debug|Any CPU
		{11A3DB61-7632-4B3B-BBF6-5460530C14FD}.Release|Any CPU.ActiveCfg = Release|Any CPU
		{11A3DB61-7632-4B3B-BBF6-5460530C14FD}.Release|Any CPU.Build.0 = Release|Any CPU
	EndGlobalSection
	GlobalSection(SolutionProperties) = preSolution
		HideSolutionNode = FALSE
	EndGlobalSection
	GlobalSection(ExtensibilityGlobals) = postSolution
		SolutionGuid = {69FEFAAD-061E-41A2-BB29-7DA66C6DAA32}
	EndGlobalSection
EndGlobal
